
Microsoft Visual Studio Solution File, Format Version 12.00
# Visual Studio Version 16
VisualStudioVersion = 16.0.30309.148
MinimumVisualStudioVersion = 10.0.40219.1
Project("{9A19103F-16F7-4668-BE54-9A1E7A4F7556}") = "BlazorMovies.Server", "BlazorMovies\Server\BlazorMovies.Server.csproj", "{29373560-4EE0-462C-B59F-C74BC20C8DC8}"
EndProject
Project("{9A19103F-16F7-4668-BE54-9A1E7A4F7556}") = "BlazorMovies.Client", "BlazorMovies\Client\BlazorMovies.Client.csproj", "{9026F69B-5AC7-4CA0-9F87-33E9A94B6AEB}"
EndProject
Project("{9A19103F-16F7-4668-BE54-9A1E7A4F7556}") = "BlazorMovies.Shared", "BlazorMovies\Shared\BlazorMovies.Shared.csproj", "{4E1AB54C-96C5-4F4B-91DB-1AE47E53B42F}"
EndProject
Global
	GlobalSection(SolutionConfigurationPlatforms) = preSolution
		Debug|Any CPU = Debug|Any CPU
		Release|Any CPU = Release|Any CPU
	EndGlobalSection
	GlobalSection(ProjectConfigurationPlatforms) = postSolution
		{29373560-4EE0-462C-B59F-C74BC20C8DC8}.Debug|Any CPU.ActiveCfg = Debug|Any CPU
		{29373560-4EE0-462C-B59F-C74BC20C8DC8}.Debug|Any CPU.Build.0 = Debug|Any CPU
		{29373560-4EE0-462C-B59F-C74BC20C8DC8}.Release|Any CPU.ActiveCfg = Release|Any CPU
		{29373560-4EE0-462C-B59F-C74BC20C8DC8}.Release|Any CPU.Build.0 = Release|Any CPU
		{9026F69B-5AC7-4CA0-9F87-33E9A94B6AEB}.Debug|Any CPU.ActiveCfg = Debug|Any CPU
		{9026F69B-5AC7-4CA0-9F87-33E9A94B6AEB}.Debug|Any CPU.Build.0 = Debug|Any CPU
		{9026F69B-5AC7-4CA0-9F87-33E9A94B6AEB}.Release|Any CPU.ActiveCfg = Release|Any CPU
		{9026F69B-5AC7-4CA0-9F87-33E9A94B6AEB}.Release|Any CPU.Build.0 = Release|Any CPU
		{4E1AB54C-96C5-4F4B-91DB-1AE47E53B42F}.Debug|Any CPU.ActiveCfg = Debug|Any CPU
		{4E1AB54C-96C5-4F4B-91DB-1AE47E53B42F}.Debug|Any CPU.Build.0 = Debug|Any CPU
		{4E1AB54C-96C5-4F4B-91DB-1AE47E53B42F}.Release|Any CPU.ActiveCfg = Release|Any CPU
		{4E1AB54C-96C5-4F4B-91DB-1AE47E53B42F}.Release|Any CPU.Build.0 = Release|Any CPU
	EndGlobalSection
	GlobalSection(SolutionProperties) = preSolution
		HideSolutionNode = FALSE
	EndGlobalSection
	GlobalSection(ExtensibilityGlobals) = postSolution
		SolutionGuid = {CD358330-3333-46D6-963F-498928968E4D}
	EndGlobalSection
EndGlobal
